
Microsoft Visual Studio Solution File, Format Version 12.00
# Visual Studio Version 17
VisualStudioVersion = 17.11.35312.102
MinimumVisualStudioVersion = 10.0.40219.1
Project("{9A19103F-16F7-4668-BE54-9A1E7A4F7556}") = "IIQCollector", "IIQCollector.csproj", "{E404AA21-904D-4CCC-9819-EB39A4C9BC45}"
EndProject
Global
	GlobalSection(SolutionConfigurationPlatforms) = preSolution
		Debug|Any CPU = Debug|Any CPU
		Release|Any CPU = Release|Any CPU
	EndGlobalSection
	GlobalSection(ProjectConfigurationPlatforms) = postSolution
		{E404AA21-904D-4CCC-9819-EB39A4C9BC45}.Debug|Any CPU.ActiveCfg = Debug|Any CPU
		{E404AA21-904D-4CCC-9819-EB39A4C9BC45}.Debug|Any CPU.Build.0 = Debug|Any CPU
		{E404AA21-904D-4CCC-9819-EB39A4C9BC45}.Release|Any CPU.ActiveCfg = Release|Any CPU
		{E404AA21-904D-4CCC-9819-EB39A4C9BC45}.Release|Any CPU.Build.0 = Release|Any CPU
	EndGlobalSection
	GlobalSection(SolutionProperties) = preSolution
		HideSolutionNode = FALSE
	EndGlobalSection
	GlobalSection(ExtensibilityGlobals) = postSolution
		SolutionGuid = {1AB00551-F06B-4343-8EDE-B15D4FEBF1A5}
	EndGlobalSection
EndGlobal
